
Microsoft Visual Studio Solution File, Format Version 12.00
# Visual Studio Version 17
VisualStudioVersion = 17.10.35122.118
MinimumVisualStudioVersion = 10.0.40219.1
Project("{FAE04EC0-301F-11D3-BF4B-00C04F79EFBC}") = "addressbook-web-tests", "addressbook-web-tests\addressbook-web-tests.csproj", "{4942C5A7-D777-40A6-8992-E00CEE66D185}"
EndProject
Project("{FAE04EC0-301F-11D3-BF4B-00C04F79EFBC}") = "addressbook-test-data-generators", "addressbook-test-data-generators\addressbook-test-data-generators.csproj", "{D13E1927-7674-46E7-AE33-48677A207084}"
EndProject
Global
	GlobalSection(SolutionConfigurationPlatforms) = preSolution
		Debug|Any CPU = Debug|Any CPU
		Release|Any CPU = Release|Any CPU
	EndGlobalSection
	GlobalSection(ProjectConfigurationPlatforms) = postSolution
		{4942C5A7-D777-40A6-8992-E00CEE66D185}.Debug|Any CPU.ActiveCfg = Debug|Any CPU
		{4942C5A7-D777-40A6-8992-E00CEE66D185}.Debug|Any CPU.Build.0 = Debug|Any CPU
		{4942C5A7-D777-40A6-8992-E00CEE66D185}.Release|Any CPU.ActiveCfg = Release|Any CPU
		{4942C5A7-D777-40A6-8992-E00CEE66D185}.Release|Any CPU.Build.0 = Release|Any CPU
		{D13E1927-7674-46E7-AE33-48677A207084}.Debug|Any CPU.ActiveCfg = Debug|Any CPU
		{D13E1927-7674-46E7-AE33-48677A207084}.Debug|Any CPU.Build.0 = Debug|Any CPU
		{D13E1927-7674-46E7-AE33-48677A207084}.Release|Any CPU.ActiveCfg = Release|Any CPU
		{D13E1927-7674-46E7-AE33-48677A207084}.Release|Any CPU.Build.0 = Release|Any CPU
	EndGlobalSection
	GlobalSection(SolutionProperties) = preSolution
		HideSolutionNode = FALSE
	EndGlobalSection
	GlobalSection(ExtensibilityGlobals) = postSolution
		SolutionGuid = {2819D3CA-BF00-444E-A0FE-0B3EF3FEE61B}
	EndGlobalSection
EndGlobal
